// !$*UTF8*$!
{
	archiveVersion = 1;
	classes = {
	};
	objectVersion = 46;
	objects = {

/* Begin PBXBuildFile section */
		407DD42C1CE3FC3400F99218 /* AppDelegate.swift in Sources */ = {isa = PBXBuildFile; fileRef = 407DD42B1CE3FC3400F99218 /* AppDelegate.swift */; };
		407DD42E1CE3FC3500F99218 /* ViewController.swift in Sources */ = {isa = PBXBuildFile; fileRef = 407DD42D1CE3FC3400F99218 /* ViewController.swift */; };
		407DD4311CE3FC3500F99218 /* Main.storyboard in Resources */ = {isa = PBXBuildFile; fileRef = 407DD42F1CE3FC3500F99218 /* Main.storyboard */; };
		407DD4331CE3FC3500F99218 /* Assets.xcassets in Resources */ = {isa = PBXBuildFile; fileRef = 407DD4321CE3FC3500F99218 /* Assets.xcassets */; };
		407DD4361CE3FC3500F99218 /* LaunchScreen.storyboard in Resources */ = {isa = PBXBuildFile; fileRef = 407DD4341CE3FC3500F99218 /* LaunchScreen.storyboard */; };
		407DD4411CE3FC3500F99218 /* SwiftDatabaseTestTests.swift in Sources */ = {isa = PBXBuildFile; fileRef = 407DD4401CE3FC3500F99218 /* SwiftDatabaseTestTests.swift */; };
		407DD44C1CE3FC3500F99218 /* SwiftDatabaseTestUITests.swift in Sources */ = {isa = PBXBuildFile; fileRef = 407DD44B1CE3FC3500F99218 /* SwiftDatabaseTestUITests.swift */; };
		407DD45A1CE3FE9700F99218 /* HomeModel.swift in Sources */ = {isa = PBXBuildFile; fileRef = 407DD4591CE3FE9700F99218 /* HomeModel.swift */; };
		407DD45C1CE3FEAE00F99218 /* ClothingModel.swift in Sources */ = {isa = PBXBuildFile; fileRef = 407DD45B1CE3FEAE00F99218 /* ClothingModel.swift */; };
/* End PBXBuildFile section */

/* Begin PBXContainerItemProxy section */
		407DD43D1CE3FC3500F99218 /* PBXContainerItemProxy */ = {
			isa = PBXContainerItemProxy;
			containerPortal = 407DD4201CE3FC3300F99218 /* Project object */;
			proxyType = 1;
			remoteGlobalIDString = 407DD4271CE3FC3300F99218;
			remoteInfo = SwiftDatabaseTest;
		};
		407DD4481CE3FC3500F99218 /* PBXContainerItemProxy */ = {
			isa = PBXContainerItemProxy;
			containerPortal = 407DD4201CE3FC3300F99218 /* Project object */;
			proxyType = 1;
			remoteGlobalIDString = 407DD4271CE3FC3300F99218;
			remoteInfo = SwiftDatabaseTest;
		};
/* End PBXContainerItemProxy section */

/* Begin PBXFileReference section */
		407DD4281CE3FC3300F99218 /* SwiftDatabaseTest.app */ = {isa = PBXFileReference; explicitFileType = wrapper.application; includeInIndex = 0; path = SwiftDatabaseTest.app; sourceTree = BUILT_PRODUCTS_DIR; };
		407DD42B1CE3FC3400F99218 /* AppDelegate.swift */ = {isa = PBXFileReference; lastKnownFileType = sourcecode.swift; path = AppDelegate.swift; sourceTree = "<group>"; };
		407DD42D1CE3FC3400F99218 /* ViewController.swift */ = {isa = PBXFileReference; lastKnownFileType = sourcecode.swift; path = ViewController.swift; sourceTree = "<group>"; };
		407DD4301CE3FC3500F99218 /* Base */ = {isa = PBXFileReference; lastKnownFileType = file.storyboard; name = Base; path = Base.lproj/Main.storyboard; sourceTree = "<group>"; };
		407DD4321CE3FC3500F99218 /* Assets.xcassets */ = {isa = PBXFileReference; lastKnownFileType = folder.assetcatalog; path = Assets.xcassets; sourceTree = "<group>"; };
		407DD4351CE3FC3500F99218 /* Base */ = {isa = PBXFileReference; lastKnownFileType = file.storyboard; name = Base; path = Base.lproj/LaunchScreen.storyboard; sourceTree = "<group>"; };
		407DD4371CE3FC3500F99218 /* Info.plist */ = {isa = PBXFileReference; lastKnownFileType = text.plist.xml; path = Info.plist; sourceTree = "<group>"; };
		407DD43C1CE3FC3500F99218 /* SwiftDatabaseTestTests.xctest */ = {isa = PBXFileReference; explicitFileType = wrapper.cfbundle; includeInIndex = 0; path = SwiftDatabaseTestTests.xctest; sourceTree = BUILT_PRODUCTS_DIR; };
		407DD4401CE3FC3500F99218 /* SwiftDatabaseTestTests.swift */ = {isa = PBXFileReference; lastKnownFileType = sourcecode.swift; path = SwiftDatabaseTestTests.swift; sourceTree = "<group>"; };
		407DD4421CE3FC3500F99218 /* Info.plist */ = {isa = PBXFileReference; lastKnownFileType = text.plist.xml; path = Info.plist; sourceTree = "<group>"; };
		407DD4471CE3FC3500F99218 /* SwiftDatabaseTestUITests.xctest */ = {isa = PBXFileReference; explicitFileType = wrapper.cfbundle; includeInIndex = 0; path = SwiftDatabaseTestUITests.xctest; sourceTree = BUILT_PRODUCTS_DIR; };
		407DD44B1CE3FC3500F99218 /* SwiftDatabaseTestUITests.swift */ = {isa = PBXFileReference; lastKnownFileType = sourcecode.swift; path = SwiftDatabaseTestUITests.swift; sourceTree = "<group>"; };
		407DD44D1CE3FC3500F99218 /* Info.plist */ = {isa = PBXFileReference; lastKnownFileType = text.plist.xml; path = Info.plist; sourceTree = "<group>"; };
		407DD4591CE3FE9700F99218 /* HomeModel.swift */ = {isa = PBXFileReference; fileEncoding = 4; lastKnownFileType = sourcecode.swift; path = HomeModel.swift; sourceTree = "<group>"; };
		407DD45B1CE3FEAE00F99218 /* ClothingModel.swift */ = {isa = PBXFileReference; fileEncoding = 4; lastKnownFileType = sourcecode.swift; path = ClothingModel.swift; sourceTree = "<group>"; };
/* End PBXFileReference section */

/* Begin PBXFrameworksBuildPhase section */
		407DD4251CE3FC3300F99218 /* Frameworks */ = {
			isa = PBXFrameworksBuildPhase;
			buildActionMask = 2147483647;
			files = (
			);
			runOnlyForDeploymentPostprocessing = 0;
		};
		407DD4391CE3FC3500F99218 /* Frameworks */ = {
			isa = PBXFrameworksBuildPhase;
			buildActionMask = 2147483647;
			files = (
			);
			runOnlyForDeploymentPostprocessing = 0;
		};
		407DD4441CE3FC3500F99218 /* Frameworks */ = {
			isa = PBXFrameworksBuildPhase;
			buildActionMask = 2147483647;
			files = (
			);
			runOnlyForDeploymentPostprocessing = 0;
		};
/* End PBXFrameworksBuildPhase section */

/* Begin PBXGroup section */
		407DD41F1CE3FC3300F99218 = {
			isa = PBXGroup;
			children = (
				407DD42A1CE3FC3400F99218 /* SwiftDatabaseTest */,
				407DD43F1CE3FC3500F99218 /* SwiftDatabaseTestTests */,
				407DD44A1CE3FC3500F99218 /* SwiftDatabaseTestUITests */,
				407DD4291CE3FC3300F99218 /* Products */,
			);
			sourceTree = "<group>";
		};
		407DD4291CE3FC3300F99218 /* Products */ = {
			isa = PBXGroup;
			children = (
				407DD4281CE3FC3300F99218 /* SwiftDatabaseTest.app */,
				407DD43C1CE3FC3500F99218 /* SwiftDatabaseTestTests.xctest */,
				407DD4471CE3FC3500F99218 /* SwiftDatabaseTestUITests.xctest */,
			);
			name = Products;
			sourceTree = "<group>";
		};
		407DD42A1CE3FC3400F99218 /* SwiftDatabaseTest */ = {
			isa = PBXGroup;
			children = (
				407DD42B1CE3FC3400F99218 /* AppDelegate.swift */,
				407DD42D1CE3FC3400F99218 /* ViewController.swift */,
				407DD42F1CE3FC3500F99218 /* Main.storyboard */,
				407DD4321CE3FC3500F99218 /* Assets.xcassets */,
				407DD4341CE3FC3500F99218 /* LaunchScreen.storyboard */,
				407DD4371CE3FC3500F99218 /* Info.plist */,
				407DD4591CE3FE9700F99218 /* HomeModel.swift */,
				407DD45B1CE3FEAE00F99218 /* ClothingModel.swift */,
			);
			path = SwiftDatabaseTest;
			sourceTree = "<group>";
		};
		407DD43F1CE3FC3500F99218 /* SwiftDatabaseTestTests */ = {
			isa = PBXGroup;
			children = (
				407DD4401CE3FC3500F99218 /* SwiftDatabaseTestTests.swift */,
				407DD4421CE3FC3500F99218 /* Info.plist */,
			);
			path = SwiftDatabaseTestTests;
			sourceTree = "<group>";
		};
		407DD44A1CE3FC3500F99218 /* SwiftDatabaseTestUITests */ = {
			isa = PBXGroup;
			children = (
				407DD44B1CE3FC3500F99218 /* SwiftDatabaseTestUITests.swift */,
				407DD44D1CE3FC3500F99218 /* Info.plist */,
			);
			path = SwiftDatabaseTestUITests;
			sourceTree = "<group>";
		};
/* End PBXGroup section */

/* Begin PBXNativeTarget section */
		407DD4271CE3FC3300F99218 /* SwiftDatabaseTest */ = {
			isa = PBXNativeTarget;
			buildConfigurationList = 407DD4501CE3FC3500F99218 /* Build configuration list for PBXNativeTarget "SwiftDatabaseTest" */;
			buildPhases = (
				407DD4241CE3FC3300F99218 /* Sources */,
				407DD4251CE3FC3300F99218 /* Frameworks */,
				407DD4261CE3FC3300F99218 /* Resources */,
			);
			buildRules = (
			);
			dependencies = (
			);
			name = SwiftDatabaseTest;
			productName = SwiftDatabaseTest;
			productReference = 407DD4281CE3FC3300F99218 /* SwiftDatabaseTest.app */;
			productType = "com.apple.product-type.application";
		};
		407DD43B1CE3FC3500F99218 /* SwiftDatabaseTestTests */ = {
			isa = PBXNativeTarget;
			buildConfigurationList = 407DD4531CE3FC3500F99218 /* Build configuration list for PBXNativeTarget "SwiftDatabaseTestTests" */;
			buildPhases = (
				407DD4381CE3FC3500F99218 /* Sources */,
				407DD4391CE3FC3500F99218 /* Frameworks */,
				407DD43A1CE3FC3500F99218 /* Resources */,
			);
			buildRules = (
			);
			dependencies = (
				407DD43E1CE3FC3500F99218 /* PBXTargetDependency */,
			);
			name = SwiftDatabaseTestTests;
			productName = SwiftDatabaseTestTests;
			productReference = 407DD43C1CE3FC3500F99218 /* SwiftDatabaseTestTests.xctest */;
			productType = "com.apple.product-type.bundle.unit-test";
		};
		407DD4461CE3FC3500F99218 /* SwiftDatabaseTestUITests */ = {
			isa = PBXNativeTarget;
			buildConfigurationList = 407DD4561CE3FC3500F99218 /* Build configuration list for PBXNativeTarget "SwiftDatabaseTestUITests" */;
			buildPhases = (
				407DD4431CE3FC3500F99218 /* Sources */,
				407DD4441CE3FC3500F99218 /* Frameworks */,
				407DD4451CE3FC3500F99218 /* Resources */,
			);
			buildRules = (
			);
			dependencies = (
				407DD4491CE3FC3500F99218 /* PBXTargetDependency */,
			);
			name = SwiftDatabaseTestUITests;
			productName = SwiftDatabaseTestUITests;
			productReference = 407DD4471CE3FC3500F99218 /* SwiftDatabaseTestUITests.xctest */;
			productType = "com.apple.product-type.bundle.ui-testing";
		};
/* End PBXNativeTarget section */

/* Begin PBXProject section */
		407DD4201CE3FC3300F99218 /* Project object */ = {
			isa = PBXProject;
			attributes = {
				LastSwiftUpdateCheck = 0730;
				LastUpgradeCheck = 0730;
				ORGANIZATIONNAME = "Orange Chips";
				TargetAttributes = {
					407DD4271CE3FC3300F99218 = {
						CreatedOnToolsVersion = 7.3.1;
						DevelopmentTeam = AR9VRDLGRW;
					};
					407DD43B1CE3FC3500F99218 = {
						CreatedOnToolsVersion = 7.3.1;
						DevelopmentTeam = AR9VRDLGRW;
						TestTargetID = 407DD4271CE3FC3300F99218;
					};
					407DD4461CE3FC3500F99218 = {
						CreatedOnToolsVersion = 7.3.1;
						DevelopmentTeam = AR9VRDLGRW;
						TestTargetID = 407DD4271CE3FC3300F99218;
					};
				};
			};
			buildConfigurationList = 407DD4231CE3FC3300F99218 /* Build configuration list for PBXProject "SwiftDatabaseTest" */;
			compatibilityVersion = "Xcode 3.2";
			developmentRegion = English;
			hasScannedForEncodings = 0;
			knownRegions = (
				en,
				Base,
			);
			mainGroup = 407DD41F1CE3FC3300F99218;
			productRefGroup = 407DD4291CE3FC3300F99218 /* Products */;
			projectDirPath = "";
			projectRoot = "";
			targets = (
				407DD4271CE3FC3300F99218 /* SwiftDatabaseTest */,
				407DD43B1CE3FC3500F99218 /* SwiftDatabaseTestTests */,
				407DD4461CE3FC3500F99218 /* SwiftDatabaseTestUITests */,
			);
		};
/* End PBXProject section */

/* Begin PBXResourcesBuildPhase section */
		407DD4261CE3FC3300F99218 /* Resources */ = {
			isa = PBXResourcesBuildPhase;
			buildActionMask = 2147483647;
			files = (
				407DD4361CE3FC3500F99218 /* LaunchScreen.storyboard in Resources */,
				407DD4331CE3FC3500F99218 /* Assets.xcassets in Resources */,
				407DD4311CE3FC3500F99218 /* Main.storyboard in Resources */,
			);
			runOnlyForDeploymentPostprocessing = 0;
		};
		407DD43A1CE3FC3500F99218 /* Resources */ = {
			isa = PBXResourcesBuildPhase;
			buildActionMask = 2147483647;
			files = (
			);
			runOnlyForDeploymentPostprocessing = 0;
		};
		407DD4451CE3FC3500F99218 /* Resources */ = {
			isa = PBXResourcesBuildPhase;
			buildActionMask = 2147483647;
			files = (
			);
			runOnlyForDeploymentPostprocessing = 0;
		};
/* End PBXResourcesBuildPhase section */

/* Begin PBXSourcesBuildPhase section */
		407DD4241CE3FC3300F99218 /* Sources */ = {
			isa = PBXSourcesBuildPhase;
			buildActionMask = 2147483647;
			files = (
				407DD42E1CE3FC3500F99218 /* ViewController.swift in Sources */,
				407DD42C1CE3FC3400F99218 /* AppDelegate.swift in Sources */,
				407DD45A1CE3FE9700F99218 /* HomeModel.swift in Sources */,
				407DD45C1CE3FEAE00F99218 /* ClothingModel.swift in Sources */,
			);
			runOnlyForDeploymentPostprocessing = 0;
		};
		407DD4381CE3FC3500F99218 /* Sources */ = {
			isa = PBXSourcesBuildPhase;
			buildActionMask = 2147483647;
			files = (
				407DD4411CE3FC3500F99218 /* SwiftDatabaseTestTests.swift in Sources */,
			);
			runOnlyForDeploymentPostprocessing = 0;
		};
		407DD4431CE3FC3500F99218 /* Sources */ = {
			isa = PBXSourcesBuildPhase;
			buildActionMask = 2147483647;
			files = (
				407DD44C1CE3FC3500F99218 /* SwiftDatabaseTestUITests.swift in Sources */,
			);
			runOnlyForDeploymentPostprocessing = 0;
		};
/* End PBXSourcesBuildPhase section */

/* Begin PBXTargetDependency section */
		407DD43E1CE3FC3500F99218 /* PBXTargetDependency */ = {
			isa = PBXTargetDependency;
			target = 407DD4271CE3FC3300F99218 /* SwiftDatabaseTest */;
			targetProxy = 407DD43D1CE3FC3500F99218 /* PBXContainerItemProxy */;
		};
		407DD4491CE3FC3500F99218 /* PBXTargetDependency */ = {
			isa = PBXTargetDependency;
			target = 407DD4271CE3FC3300F99218 /* SwiftDatabaseTest */;
			targetProxy = 407DD4481CE3FC3500F99218 /* PBXContainerItemProxy */;
		};
/* End PBXTargetDependency section */

/* Begin PBXVariantGroup section */
		407DD42F1CE3FC3500F99218 /* Main.storyboard */ = {
			isa = PBXVariantGroup;
			children = (
				407DD4301CE3FC3500F99218 /* Base */,
			);
			name = Main.storyboard;
			sourceTree = "<group>";
		};
		407DD4341CE3FC3500F99218 /* LaunchScreen.storyboard */ = {
			isa = PBXVariantGroup;
			children = (
				407DD4351CE3FC3500F99218 /* Base */,
			);
			name = LaunchScreen.storyboard;
			sourceTree = "<group>";
		};
/* End PBXVariantGroup section */

/* Begin XCBuildConfiguration section */
		407DD44E1CE3FC3500F99218 /* Debug */ = {
			isa = XCBuildConfiguration;
			buildSettings = {
				ALWAYS_SEARCH_USER_PATHS = NO;
				CLANG_ANALYZER_NONNULL = YES;
				CLANG_CXX_LANGUAGE_STANDARD = "gnu++0x";
				CLANG_CXX_LIBRARY = "libc++";
				CLANG_ENABLE_MODULES = YES;
				CLANG_ENABLE_OBJC_ARC = YES;
				CLANG_WARN_BOOL_CONVERSION = YES;
				CLANG_WARN_CONSTANT_CONVERSION = YES;
				CLANG_WARN_DIRECT_OBJC_ISA_USAGE = YES_ERROR;
				CLANG_WARN_EMPTY_BODY = YES;
				CLANG_WARN_ENUM_CONVERSION = YES;
				CLANG_WARN_INT_CONVERSION = YES;
				CLANG_WARN_OBJC_ROOT_CLASS = YES_ERROR;
				CLANG_WARN_UNREACHABLE_CODE = YES;
				CLANG_WARN__DUPLICATE_METHOD_MATCH = YES;
				"CODE_SIGN_IDENTITY[sdk=iphoneos*]" = "iPhone Developer";
				COPY_PHASE_STRIP = NO;
				DEBUG_INFORMATION_FORMAT = dwarf;
				ENABLE_STRICT_OBJC_MSGSEND = YES;
				ENABLE_TESTABILITY = YES;
				GCC_C_LANGUAGE_STANDARD = gnu99;
				GCC_DYNAMIC_NO_PIC = NO;
				GCC_NO_COMMON_BLOCKS = YES;
				GCC_OPTIMIZATION_LEVEL = 0;
				GCC_PREPROCESSOR_DEFINITIONS = (
					"DEBUG=1",
					"$(inherited)",
				);
				GCC_WARN_64_TO_32_BIT_CONVERSION = YES;
				GCC_WARN_ABOUT_RETURN_TYPE = YES_ERROR;
				GCC_WARN_UNDECLARED_SELECTOR = YES;
				GCC_WARN_UNINITIALIZED_AUTOS = YES_AGGRESSIVE;
				GCC_WARN_UNUSED_FUNCTION = YES;
				GCC_WARN_UNUSED_VARIABLE = YES;
				IPHONEOS_DEPLOYMENT_TARGET = 9.3;
				MTL_ENABLE_DEBUG_INFO = YES;
				ONLY_ACTIVE_ARCH = YES;
				SDKROOT = iphoneos;
				SWIFT_OPTIMIZATION_LEVEL = "-Onone";
				TARGETED_DEVICE_FAMILY = "1,2";
			};
			name = Debug;
		};
		407DD44F1CE3FC3500F99218 /* Release */ = {
			isa = XCBuildConfiguration;
			buildSettings = {
				ALWAYS_SEARCH_USER_PATHS = NO;
				CLANG_ANALYZER_NONNULL = YES;
				CLANG_CXX_LANGUAGE_STANDARD = "gnu++0x";
				CLANG_CXX_LIBRARY = "libc++";
				CLANG_ENABLE_MODULES = YES;
				CLANG_ENABLE_OBJC_ARC = YES;
				CLANG_WARN_BOOL_CONVERSION = YES;
				CLANG_WARN_CONSTANT_CONVERSION = YES;
				CLANG_WARN_DIRECT_OBJC_ISA_USAGE = YES_ERROR;
				CLANG_WARN_EMPTY_BODY = YES;
				CLANG_WARN_ENUM_CONVERSION = YES;
				CLANG_WARN_INT_CONVERSION = YES;
				CLANG_WARN_OBJC_ROOT_CLASS = YES_ERROR;
				CLANG_WARN_UNREACHABLE_CODE = YES;
				CLANG_WARN__DUPLICATE_METHOD_MATCH = YES;
				"CODE_SIGN_IDENTITY[sdk=iphoneos*]" = "iPhone Developer";
				COPY_PHASE_STRIP = NO;
				DEBUG_INFORMATION_FORMAT = "dwarf-with-dsym";
				ENABLE_NS_ASSERTIONS = NO;
				ENABLE_STRICT_OBJC_MSGSEND = YES;
				GCC_C_LANGUAGE_STANDARD = gnu99;
				GCC_NO_COMMON_BLOCKS = YES;
				GCC_WARN_64_TO_32_BIT_CONVERSION = YES;
				GCC_WARN_ABOUT_RETURN_TYPE = YES_ERROR;
				GCC_WARN_UNDECLARED_SELECTOR = YES;
				GCC_WARN_UNINITIALIZED_AUTOS = YES_AGGRESSIVE;
				GCC_WARN_UNUSED_FUNCTION = YES;
				GCC_WARN_UNUSED_VARIABLE = YES;
				IPHONEOS_DEPLOYMENT_TARGET = 9.3;
				MTL_ENABLE_DEBUG_INFO = NO;
				SDKROOT = iphoneos;
				TARGETED_DEVICE_FAMILY = "1,2";
				VALIDATE_PRODUCT = YES;
			};
			name = Release;
		};
		407DD4511CE3FC3500F99218 /* Debug */ = {
			isa = XCBuildConfiguration;
			buildSettings = {
				ASSETCATALOG_COMPILER_APPICON_NAME = AppIcon;
				INFOPLIST_FILE = SwiftDatabaseTest/Info.plist;
				LD_RUNPATH_SEARCH_PATHS = "$(inherited) @executable_path/Frameworks";
				PRODUCT_BUNDLE_IDENTIFIER = ca.benpeters.SwiftDatabaseTest;
				PRODUCT_NAME = "$(TARGET_NAME)";
			};
			name = Debug;
		};
		407DD4521CE3FC3500F99218 /* Release */ = {
			isa = XCBuildConfiguration;
			buildSettings = {
				ASSETCATALOG_COMPILER_APPICON_NAME = AppIcon;
				INFOPLIST_FILE = SwiftDatabaseTest/Info.plist;
				LD_RUNPATH_SEARCH_PATHS = "$(inherited) @executable_path/Frameworks";
				PRODUCT_BUNDLE_IDENTIFIER = ca.benpeters.SwiftDatabaseTest;
				PRODUCT_NAME = "$(TARGET_NAME)";
			};
			name = Release;
		};
		407DD4541CE3FC3500F99218 /* Debug */ = {
			isa = XCBuildConfiguration;
			buildSettings = {
				BUNDLE_LOADER = "$(TEST_HOST)";
				INFOPLIST_FILE = SwiftDatabaseTestTests/Info.plist;
				LD_RUNPATH_SEARCH_PATHS = "$(inherited) @executable_path/Frameworks @loader_path/Frameworks";
				PRODUCT_BUNDLE_IDENTIFIER = ca.benpeters.SwiftDatabaseTestTests;
				PRODUCT_NAME = "$(TARGET_NAME)";
				TEST_HOST = "$(BUILT_PRODUCTS_DIR)/SwiftDatabaseTest.app/SwiftDatabaseTest";
			};
			name = Debug;
		};
		407DD4551CE3FC3500F99218 /* Release */ = {
			isa = XCBuildConfiguration;
			buildSettings = {
				BUNDLE_LOADER = "$(TEST_HOST)";
				INFOPLIST_FILE = SwiftDatabaseTestTests/Info.plist;
				LD_RUNPATH_SEARCH_PATHS = "$(inherited) @executable_path/Frameworks @loader_path/Frameworks";
				PRODUCT_BUNDLE_IDENTIFIER = ca.benpeters.SwiftDatabaseTestTests;
				PRODUCT_NAME = "$(TARGET_NAME)";
				TEST_HOST = "$(BUILT_PRODUCTS_DIR)/SwiftDatabaseTest.app/SwiftDatabaseTest";
			};
			name = Release;
		};
		407DD4571CE3FC3500F99218 /* Debug */ = {
			isa = XCBuildConfiguration;
			buildSettings = {
				INFOPLIST_FILE = SwiftDatabaseTestUITests/Info.plist;
				LD_RUNPATH_SEARCH_PATHS = "$(inherited) @executable_path/Frameworks @loader_path/Frameworks";
				PRODUCT_BUNDLE_IDENTIFIER = ca.benpeters.SwiftDatabaseTestUITests;
				PRODUCT_NAME = "$(TARGET_NAME)";
				TEST_TARGET_NAME = SwiftDatabaseTest;
			};
			name = Debug;
		};
		407DD4581CE3FC3500F99218 /* Release */ = {
			isa = XCBuildConfiguration;
			buildSettings = {
				INFOPLIST_FILE = SwiftDatabaseTestUITests/Info.plist;
				LD_RUNPATH_SEARCH_PATHS = "$(inherited) @executable_path/Frameworks @loader_path/Frameworks";
				PRODUCT_BUNDLE_IDENTIFIER = ca.benpeters.SwiftDatabaseTestUITests;
				PRODUCT_NAME = "$(TARGET_NAME)";
				TEST_TARGET_NAME = SwiftDatabaseTest;
			};
			name = Release;
		};
/* End XCBuildConfiguration section */

/* Begin XCConfigurationList section */
		407DD4231CE3FC3300F99218 /* Build configuration list for PBXProject "SwiftDatabaseTest" */ = {
			isa = XCConfigurationList;
			buildConfigurations = (
				407DD44E1CE3FC3500F99218 /* Debug */,
				407DD44F1CE3FC3500F99218 /* Release */,
			);
			defaultConfigurationIsVisible = 0;
			defaultConfigurationName = Release;
		};
		407DD4501CE3FC3500F99218 /* Build configuration list for PBXNativeTarget "SwiftDatabaseTest" */ = {
			isa = XCConfigurationList;
			buildConfigurations = (
				407DD4511CE3FC3500F99218 /* Debug */,
				407DD4521CE3FC3500F99218 /* Release */,
			);
			defaultConfigurationIsVisible = 0;
		};
		407DD4531CE3FC3500F99218 /* Build configuration list for PBXNativeTarget "SwiftDatabaseTestTests" */ = {
			isa = XCConfigurationList;
			buildConfigurations = (
				407DD4541CE3FC3500F99218 /* Debug */,
				407DD4551CE3FC3500F99218 /* Release */,
			);
			defaultConfigurationIsVisible = 0;
		};
		407DD4561CE3FC3500F99218 /* Build configuration list for PBXNativeTarget "SwiftDatabaseTestUITests" */ = {
			isa = XCConfigurationList;
			buildConfigurations = (
				407DD4571CE3FC3500F99218 /* Debug */,
				407DD4581CE3FC3500F99218 /* Release */,
			);
			defaultConfigurationIsVisible = 0;
		};
/* End XCConfigurationList section */
	};
	rootObject = 407DD4201CE3FC3300F99218 /* Project object */;
}
